
Microsoft Visual Studio Solution File, Format Version 12.00
# Visual Studio Version 17
VisualStudioVersion = 17.3.32929.385
MinimumVisualStudioVersion = 10.0.40219.1
Project("{FAE04EC0-301F-11D3-BF4B-00C04F79EFBC}") = "Residence Web Scraper", "Residence Web Scraper.csproj", "{0EBD62FE-7EE4-437F-B081-C715D6417974}"
EndProject
Global
	GlobalSection(SolutionConfigurationPlatforms) = preSolution
		Debug|Any CPU = Debug|Any CPU
		Release|Any CPU = Release|Any CPU
	EndGlobalSection
	GlobalSection(ProjectConfigurationPlatforms) = postSolution
		{0EBD62FE-7EE4-437F-B081-C715D6417974}.Debug|Any CPU.ActiveCfg = Debug|Any CPU
		{0EBD62FE-7EE4-437F-B081-C715D6417974}.Debug|Any CPU.Build.0 = Debug|Any CPU
		{0EBD62FE-7EE4-437F-B081-C715D6417974}.Release|Any CPU.ActiveCfg = Release|Any CPU
		{0EBD62FE-7EE4-437F-B081-C715D6417974}.Release|Any CPU.Build.0 = Release|Any CPU
	EndGlobalSection
	GlobalSection(SolutionProperties) = preSolution
		HideSolutionNode = FALSE
	EndGlobalSection
	GlobalSection(ExtensibilityGlobals) = postSolution
		SolutionGuid = {AB5B14ED-0229-4204-A347-532B04B304DE}
	EndGlobalSection
EndGlobal
